<?xml version="1.0" encoding="UTF-8" standalone="yes" ?>
<CodeBlocks_project_file>
	<FileVersion major="1" minor="6" />
	<Project>
		<Option title="Kyubu" />
		<Option pch_mode="2" />
		<Option compiler="gcc" />
		<Build>
			<Target title="Debug">
				<Option output="bin/Debug/Kyubu" prefix_auto="1" extension_auto="1" />
				<Option object_output="obj/Debug/" />
				<Option type="1" />
				<Option compiler="gcc" />
				<Compiler>
					<Add option="-g" />
				</Compiler>
			</Target>
			<Target title="Release">
				<Option output="bin/Release/Kyubu" prefix_auto="1" extension_auto="1" />
				<Option object_output="obj/Release/" />
				<Option type="0" />
				<Option compiler="gcc" />
				<Compiler>
					<Add option="-O2" />
				</Compiler>
				<Linker>
					<Add option="-s" />
				</Linker>
			</Target>
		</Build>
		<Compiler>
			<Add option="-Wall" />
			<Add option="-std=c++11" />
			<Add directory="../../libs/freetype-gl/tmp" />
		</Compiler>
		<Linker>
			<Add library="GL" />
			<Add library="X11" />
			<Add library="GLEW" />
			<Add library="glfw" />
			<Add library="z" />
			<Add library="../../libs/freetype-gl/tmp/freetypegl.a" />
			<Add library="freetype" />
		</Linker>
		<Unit filename="MercuryString.cpp" />
		<Unit filename="MercuryString.h" />
		<Unit filename="blocks.cpp" />
		<Unit filename="blocks.h" />
		<Unit filename="boundingbox.cpp" />
		<Unit filename="boundingbox.h" />
		<Unit filename="camera.cpp" />
		<Unit filename="camera.h" />
		<Unit filename="chunk.cpp" />
		<Unit filename="chunk.h" />
		<Unit filename="chunkHandler.cpp" />
		<Unit filename="chunkHandler.h" />
		<Unit filename="config.cpp" />
		<Unit filename="config.h" />
		<Unit filename="entity.cpp" />
		<Unit filename="entity.h" />
		<Unit filename="enums.h" />
		<Unit filename="ezSockets.cpp" />
		<Unit filename="ezSockets.h" />
		<Unit filename="fragShader.txt" />
		<Unit filename="game.cpp" />
		<Unit filename="game.h" />
		<Unit filename="globals.cpp" />
		<Unit filename="globals.h" />
		<Unit filename="guiBase.cpp" />
		<Unit filename="guiBase.h" />
		<Unit filename="guiLabel.cpp" />
		<Unit filename="guiLabel.h" />
		<Unit filename="hassert.h" />
		<Unit filename="hgl.cpp" />
		<Unit filename="hgl.h" />
		<Unit filename="main.cpp" />
		<Unit filename="matrix.cpp" />
		<Unit filename="matrix.h" />
		<Unit filename="networkhandler.cpp" />
		<Unit filename="networkhandler.h" />
		<Unit filename="packet.cpp" />
		<Unit filename="packet.h" />
		<Unit filename="player.cpp" />
		<Unit filename="player.h" />
		<Unit filename="propertycollection.cpp" />
		<Unit filename="propertycollection.h" />
		<Unit filename="propertypair.cpp" />
		<Unit filename="propertypair.h" />
		<Unit filename="terrain.bmp" />
		<Unit filename="textFragShader.txt" />
		<Unit filename="textVertShader.txt" />
		<Unit filename="textrenderer.cpp" />
		<Unit filename="textrenderer.h" />
		<Unit filename="textureloader.cpp" />
		<Unit filename="textureloader.h" />
		<Unit filename="vector3.cpp" />
		<Unit filename="vector3.h" />
		<Unit filename="vertShader.txt" />
		<Extensions>
			<code_completion />
			<debugger />
		</Extensions>
	</Project>
</CodeBlocks_project_file>
